
Microsoft Visual Studio Solution File, Format Version 12.00
# Visual Studio Version 17
VisualStudioVersion = 17.11.35327.3
MinimumVisualStudioVersion = 10.0.40219.1
Project("{FAE04EC0-301F-11D3-BF4B-00C04F79EFBC}") = "kafesharpaql", "kafesharpaql\kafesharpaql.csproj", "{645FE0E1-9F30-48C6-81C9-DDF56E1A93B8}"
EndProject
Global
	GlobalSection(SolutionConfigurationPlatforms) = preSolution
		Debug|Any CPU = Debug|Any CPU
		Release|Any CPU = Release|Any CPU
	EndGlobalSection
	GlobalSection(ProjectConfigurationPlatforms) = postSolution
		{645FE0E1-9F30-48C6-81C9-DDF56E1A93B8}.Debug|Any CPU.ActiveCfg = Debug|Any CPU
		{645FE0E1-9F30-48C6-81C9-DDF56E1A93B8}.Debug|Any CPU.Build.0 = Debug|Any CPU
		{645FE0E1-9F30-48C6-81C9-DDF56E1A93B8}.Release|Any CPU.ActiveCfg = Release|Any CPU
		{645FE0E1-9F30-48C6-81C9-DDF56E1A93B8}.Release|Any CPU.Build.0 = Release|Any CPU
	EndGlobalSection
	GlobalSection(SolutionProperties) = preSolution
		HideSolutionNode = FALSE
	EndGlobalSection
	GlobalSection(ExtensibilityGlobals) = postSolution
		SolutionGuid = {36752D3F-42D8-4FA1-BF5A-B54A66996580}
	EndGlobalSection
EndGlobal
